
Microsoft Visual Studio Solution File, Format Version 12.00
# Visual Studio Version 16
VisualStudioVersion = 16.0.31025.194
MinimumVisualStudioVersion = 10.0.40219.1
Project("{9A19103F-16F7-4668-BE54-9A1E7A4F7556}") = "Log by MainDen", "Log by MainDen\Log by MainDen.csproj", "{708C4358-A453-4787-9330-DDCFDECD40A5}"
EndProject
Global
	GlobalSection(SolutionConfigurationPlatforms) = preSolution
		Debug|Any CPU = Debug|Any CPU
		Release|Any CPU = Release|Any CPU
	EndGlobalSection
	GlobalSection(ProjectConfigurationPlatforms) = postSolution
		{708C4358-A453-4787-9330-DDCFDECD40A5}.Debug|Any CPU.ActiveCfg = Debug|Any CPU
		{708C4358-A453-4787-9330-DDCFDECD40A5}.Debug|Any CPU.Build.0 = Debug|Any CPU
		{708C4358-A453-4787-9330-DDCFDECD40A5}.Release|Any CPU.ActiveCfg = Release|Any CPU
		{708C4358-A453-4787-9330-DDCFDECD40A5}.Release|Any CPU.Build.0 = Release|Any CPU
	EndGlobalSection
	GlobalSection(SolutionProperties) = preSolution
		HideSolutionNode = FALSE
	EndGlobalSection
	GlobalSection(ExtensibilityGlobals) = postSolution
		SolutionGuid = {A0D909BC-9A0F-40EF-B3EB-BD5F941DA689}
	EndGlobalSection
EndGlobal
